// !$*UTF8*$!
{
	archiveVersion = 1;
	classes = {
	};
	objectVersion = 46;
	objects = {

/* Begin PBXBuildFile section */
		D6776F9D1B05849F00060685 /* main.m in Sources */ = {isa = PBXBuildFile; fileRef = D6776F9C1B05849F00060685 /* main.m */; };
		D6776FA01B05849F00060685 /* AppDelegate.m in Sources */ = {isa = PBXBuildFile; fileRef = D6776F9F1B05849F00060685 /* AppDelegate.m */; };
		D6776FA31B05849F00060685 /* ViewController.m in Sources */ = {isa = PBXBuildFile; fileRef = D6776FA21B05849F00060685 /* ViewController.m */; };
		D6776FA61B05849F00060685 /* Main.storyboard in Resources */ = {isa = PBXBuildFile; fileRef = D6776FA41B05849F00060685 /* Main.storyboard */; };
		D6776FA81B05849F00060685 /* Images.xcassets in Resources */ = {isa = PBXBuildFile; fileRef = D6776FA71B05849F00060685 /* Images.xcassets */; };
		D6776FAB1B05849F00060685 /* LaunchScreen.xib in Resources */ = {isa = PBXBuildFile; fileRef = D6776FA91B05849F00060685 /* LaunchScreen.xib */; };
		D6776FB71B05849F00060685 /* audioMixTests.m in Sources */ = {isa = PBXBuildFile; fileRef = D6776FB61B05849F00060685 /* audioMixTests.m */; };
/* End PBXBuildFile section */

/* Begin PBXContainerItemProxy section */
		D6776FB11B05849F00060685 /* PBXContainerItemProxy */ = {
			isa = PBXContainerItemProxy;
			containerPortal = D6776F8F1B05849F00060685 /* Project object */;
			proxyType = 1;
			remoteGlobalIDString = D6776F961B05849F00060685;
			remoteInfo = audioMix;
		};
/* End PBXContainerItemProxy section */

/* Begin PBXFileReference section */
		D6776F971B05849F00060685 /* audioMix.app */ = {isa = PBXFileReference; explicitFileType = wrapper.application; includeInIndex = 0; path = audioMix.app; sourceTree = BUILT_PRODUCTS_DIR; };
		D6776F9B1B05849F00060685 /* Info.plist */ = {isa = PBXFileReference; lastKnownFileType = text.plist.xml; path = Info.plist; sourceTree = "<group>"; };
		D6776F9C1B05849F00060685 /* main.m */ = {isa = PBXFileReference; lastKnownFileType = sourcecode.c.objc; path = main.m; sourceTree = "<group>"; };
		D6776F9E1B05849F00060685 /* AppDelegate.h */ = {isa = PBXFileReference; lastKnownFileType = sourcecode.c.h; path = AppDelegate.h; sourceTree = "<group>"; };
		D6776F9F1B05849F00060685 /* AppDelegate.m */ = {isa = PBXFileReference; lastKnownFileType = sourcecode.c.objc; path = AppDelegate.m; sourceTree = "<group>"; };
		D6776FA11B05849F00060685 /* ViewController.h */ = {isa = PBXFileReference; lastKnownFileType = sourcecode.c.h; path = ViewController.h; sourceTree = "<group>"; };
		D6776FA21B05849F00060685 /* ViewController.m */ = {isa = PBXFileReference; lastKnownFileType = sourcecode.c.objc; path = ViewController.m; sourceTree = "<group>"; };
		D6776FA51B05849F00060685 /* Base */ = {isa = PBXFileReference; lastKnownFileType = file.storyboard; name = Base; path = Base.lproj/Main.storyboard; sourceTree = "<group>"; };
		D6776FA71B05849F00060685 /* Images.xcassets */ = {isa = PBXFileReference; lastKnownFileType = folder.assetcatalog; path = Images.xcassets; sourceTree = "<group>"; };
		D6776FAA1B05849F00060685 /* Base */ = {isa = PBXFileReference; lastKnownFileType = file.xib; name = Base; path = Base.lproj/LaunchScreen.xib; sourceTree = "<group>"; };
		D6776FB01B05849F00060685 /* audioMixTests.xctest */ = {isa = PBXFileReference; explicitFileType = wrapper.cfbundle; includeInIndex = 0; path = audioMixTests.xctest; sourceTree = BUILT_PRODUCTS_DIR; };
		D6776FB51B05849F00060685 /* Info.plist */ = {isa = PBXFileReference; lastKnownFileType = text.plist.xml; path = Info.plist; sourceTree = "<group>"; };
		D6776FB61B05849F00060685 /* audioMixTests.m */ = {isa = PBXFileReference; lastKnownFileType = sourcecode.c.objc; path = audioMixTests.m; sourceTree = "<group>"; };
/* End PBXFileReference section */

/* Begin PBXFrameworksBuildPhase section */
		D6776F941B05849F00060685 /* Frameworks */ = {
			isa = PBXFrameworksBuildPhase;
			buildActionMask = 2147483647;
			files = (
			);
			runOnlyForDeploymentPostprocessing = 0;
		};
		D6776FAD1B05849F00060685 /* Frameworks */ = {
			isa = PBXFrameworksBuildPhase;
			buildActionMask = 2147483647;
			files = (
			);
			runOnlyForDeploymentPostprocessing = 0;
		};
/* End PBXFrameworksBuildPhase section */

/* Begin PBXGroup section */
		D6776F8E1B05849F00060685 = {
			isa = PBXGroup;
			children = (
				D6776F991B05849F00060685 /* audioMix */,
				D6776FB31B05849F00060685 /* audioMixTests */,
				D6776F981B05849F00060685 /* Products */,
			);
			sourceTree = "<group>";
		};
		D6776F981B05849F00060685 /* Products */ = {
			isa = PBXGroup;
			children = (
				D6776F971B05849F00060685 /* audioMix.app */,
				D6776FB01B05849F00060685 /* audioMixTests.xctest */,
			);
			name = Products;
			sourceTree = "<group>";
		};
		D6776F991B05849F00060685 /* audioMix */ = {
			isa = PBXGroup;
			children = (
				D6776F9E1B05849F00060685 /* AppDelegate.h */,
				D6776F9F1B05849F00060685 /* AppDelegate.m */,
				D6776FA11B05849F00060685 /* ViewController.h */,
				D6776FA21B05849F00060685 /* ViewController.m */,
				D6776FA41B05849F00060685 /* Main.storyboard */,
				D6776FA71B05849F00060685 /* Images.xcassets */,
				D6776FA91B05849F00060685 /* LaunchScreen.xib */,
				D6776F9A1B05849F00060685 /* Supporting Files */,
			);
			path = audioMix;
			sourceTree = "<group>";
		};
		D6776F9A1B05849F00060685 /* Supporting Files */ = {
			isa = PBXGroup;
			children = (
				D6776F9B1B05849F00060685 /* Info.plist */,
				D6776F9C1B05849F00060685 /* main.m */,
			);
			name = "Supporting Files";
			sourceTree = "<group>";
		};
		D6776FB31B05849F00060685 /* audioMixTests */ = {
			isa = PBXGroup;
			children = (
				D6776FB61B05849F00060685 /* audioMixTests.m */,
				D6776FB41B05849F00060685 /* Supporting Files */,
			);
			path = audioMixTests;
			sourceTree = "<group>";
		};
		D6776FB41B05849F00060685 /* Supporting Files */ = {
			isa = PBXGroup;
			children = (
				D6776FB51B05849F00060685 /* Info.plist */,
			);
			name = "Supporting Files";
			sourceTree = "<group>";
		};
/* End PBXGroup section */

/* Begin PBXNativeTarget section */
		D6776F961B05849F00060685 /* audioMix */ = {
			isa = PBXNativeTarget;
			buildConfigurationList = D6776FBA1B05849F00060685 /* Build configuration list for PBXNativeTarget "audioMix" */;
			buildPhases = (
				D6776F931B05849F00060685 /* Sources */,
				D6776F941B05849F00060685 /* Frameworks */,
				D6776F951B05849F00060685 /* Resources */,
			);
			buildRules = (
			);
			dependencies = (
			);
			name = audioMix;
			productName = audioMix;
			productReference = D6776F971B05849F00060685 /* audioMix.app */;
			productType = "com.apple.product-type.application";
		};
		D6776FAF1B05849F00060685 /* audioMixTests */ = {
			isa = PBXNativeTarget;
			buildConfigurationList = D6776FBD1B05849F00060685 /* Build configuration list for PBXNativeTarget "audioMixTests" */;
			buildPhases = (
				D6776FAC1B05849F00060685 /* Sources */,
				D6776FAD1B05849F00060685 /* Frameworks */,
				D6776FAE1B05849F00060685 /* Resources */,
			);
			buildRules = (
			);
			dependencies = (
				D6776FB21B05849F00060685 /* PBXTargetDependency */,
			);
			name = audioMixTests;
			productName = audioMixTests;
			productReference = D6776FB01B05849F00060685 /* audioMixTests.xctest */;
			productType = "com.apple.product-type.bundle.unit-test";
		};
/* End PBXNativeTarget section */

/* Begin PBXProject section */
		D6776F8F1B05849F00060685 /* Project object */ = {
			isa = PBXProject;
			attributes = {
				LastUpgradeCheck = 0630;
				ORGANIZATIONNAME = Lightning;
				TargetAttributes = {
					D6776F961B05849F00060685 = {
						CreatedOnToolsVersion = 6.3;
					};
					D6776FAF1B05849F00060685 = {
						CreatedOnToolsVersion = 6.3;
						TestTargetID = D6776F961B05849F00060685;
					};
				};
			};
			buildConfigurationList = D6776F921B05849F00060685 /* Build configuration list for PBXProject "audioMix" */;
			compatibilityVersion = "Xcode 3.2";
			developmentRegion = English;
			hasScannedForEncodings = 0;
			knownRegions = (
				en,
				Base,
			);
			mainGroup = D6776F8E1B05849F00060685;
			productRefGroup = D6776F981B05849F00060685 /* Products */;
			projectDirPath = "";
			projectRoot = "";
			targets = (
				D6776F961B05849F00060685 /* audioMix */,
				D6776FAF1B05849F00060685 /* audioMixTests */,
			);
		};
/* End PBXProject section */

/* Begin PBXResourcesBuildPhase section */
		D6776F951B05849F00060685 /* Resources */ = {
			isa = PBXResourcesBuildPhase;
			buildActionMask = 2147483647;
			files = (
				D6776FA61B05849F00060685 /* Main.storyboard in Resources */,
				D6776FAB1B05849F00060685 /* LaunchScreen.xib in Resources */,
				D6776FA81B05849F00060685 /* Images.xcassets in Resources */,
			);
			runOnlyForDeploymentPostprocessing = 0;
		};
		D6776FAE1B05849F00060685 /* Resources */ = {
			isa = PBXResourcesBuildPhase;
			buildActionMask = 2147483647;
			files = (
			);
			runOnlyForDeploymentPostprocessing = 0;
		};
/* End PBXResourcesBuildPhase section */

/* Begin PBXSourcesBuildPhase section */
		D6776F931B05849F00060685 /* Sources */ = {
			isa = PBXSourcesBuildPhase;
			buildActionMask = 2147483647;
			files = (
				D6776FA31B05849F00060685 /* ViewController.m in Sources */,
				D6776FA01B05849F00060685 /* AppDelegate.m in Sources */,
				D6776F9D1B05849F00060685 /* main.m in Sources */,
			);
			runOnlyForDeploymentPostprocessing = 0;
		};
		D6776FAC1B05849F00060685 /* Sources */ = {
			isa = PBXSourcesBuildPhase;
			buildActionMask = 2147483647;
			files = (
				D6776FB71B05849F00060685 /* audioMixTests.m in Sources */,
			);
			runOnlyForDeploymentPostprocessing = 0;
		};
/* End PBXSourcesBuildPhase section */

/* Begin PBXTargetDependency section */
		D6776FB21B05849F00060685 /* PBXTargetDependency */ = {
			isa = PBXTargetDependency;
			target = D6776F961B05849F00060685 /* audioMix */;
			targetProxy = D6776FB11B05849F00060685 /* PBXContainerItemProxy */;
		};
/* End PBXTargetDependency section */

/* Begin PBXVariantGroup section */
		D6776FA41B05849F00060685 /* Main.storyboard */ = {
			isa = PBXVariantGroup;
			children = (
				D6776FA51B05849F00060685 /* Base */,
			);
			name = Main.storyboard;
			sourceTree = "<group>";
		};
		D6776FA91B05849F00060685 /* LaunchScreen.xib */ = {
			isa = PBXVariantGroup;
			children = (
				D6776FAA1B05849F00060685 /* Base */,
			);
			name = LaunchScreen.xib;
			sourceTree = "<group>";
		};
/* End PBXVariantGroup section */

/* Begin XCBuildConfiguration section */
		D6776FB81B05849F00060685 /* Debug */ = {
			isa = XCBuildConfiguration;
			buildSettings = {
				ALWAYS_SEARCH_USER_PATHS = NO;
				CLANG_CXX_LANGUAGE_STANDARD = "gnu++0x";
				CLANG_CXX_LIBRARY = "libc++";
				CLANG_ENABLE_MODULES = YES;
				CLANG_ENABLE_OBJC_ARC = YES;
				CLANG_WARN_BOOL_CONVERSION = YES;
				CLANG_WARN_CONSTANT_CONVERSION = YES;
				CLANG_WARN_DIRECT_OBJC_ISA_USAGE = YES_ERROR;
				CLANG_WARN_EMPTY_BODY = YES;
				CLANG_WARN_ENUM_CONVERSION = YES;
				CLANG_WARN_INT_CONVERSION = YES;
				CLANG_WARN_OBJC_ROOT_CLASS = YES_ERROR;
				CLANG_WARN_UNREACHABLE_CODE = YES;
				CLANG_WARN__DUPLICATE_METHOD_MATCH = YES;
				"CODE_SIGN_IDENTITY[sdk=iphoneos*]" = "iPhone Developer";
				COPY_PHASE_STRIP = NO;
				DEBUG_INFORMATION_FORMAT = "dwarf-with-dsym";
				ENABLE_STRICT_OBJC_MSGSEND = YES;
				GCC_C_LANGUAGE_STANDARD = gnu99;
				GCC_DYNAMIC_NO_PIC = NO;
				GCC_NO_COMMON_BLOCKS = YES;
				GCC_OPTIMIZATION_LEVEL = 0;
				GCC_PREPROCESSOR_DEFINITIONS = (
					"DEBUG=1",
					"$(inherited)",
				);
				GCC_SYMBOLS_PRIVATE_EXTERN = NO;
				GCC_WARN_64_TO_32_BIT_CONVERSION = YES;
				GCC_WARN_ABOUT_RETURN_TYPE = YES_ERROR;
				GCC_WARN_UNDECLARED_SELECTOR = YES;
				GCC_WARN_UNINITIALIZED_AUTOS = YES_AGGRESSIVE;
				GCC_WARN_UNUSED_FUNCTION = YES;
				GCC_WARN_UNUSED_VARIABLE = YES;
				IPHONEOS_DEPLOYMENT_TARGET = 8.3;
				MTL_ENABLE_DEBUG_INFO = YES;
				ONLY_ACTIVE_ARCH = YES;
				SDKROOT = iphoneos;
				TARGETED_DEVICE_FAMILY = "1,2";
			};
			name = Debug;
		};
		D6776FB91B05849F00060685 /* Release */ = {
			isa = XCBuildConfiguration;
			buildSettings = {
				ALWAYS_SEARCH_USER_PATHS = NO;
				CLANG_CXX_LANGUAGE_STANDARD = "gnu++0x";
				CLANG_CXX_LIBRARY = "libc++";
				CLANG_ENABLE_MODULES = YES;
				CLANG_ENABLE_OBJC_ARC = YES;
				CLANG_WARN_BOOL_CONVERSION = YES;
				CLANG_WARN_CONSTANT_CONVERSION = YES;
				CLANG_WARN_DIRECT_OBJC_ISA_USAGE = YES_ERROR;
				CLANG_WARN_EMPTY_BODY = YES;
				CLANG_WARN_ENUM_CONVERSION = YES;
				CLANG_WARN_INT_CONVERSION = YES;
				CLANG_WARN_OBJC_ROOT_CLASS = YES_ERROR;
				CLANG_WARN_UNREACHABLE_CODE = YES;
				CLANG_WARN__DUPLICATE_METHOD_MATCH = YES;
				"CODE_SIGN_IDENTITY[sdk=iphoneos*]" = "iPhone Developer";
				COPY_PHASE_STRIP = NO;
				DEBUG_INFORMATION_FORMAT = "dwarf-with-dsym";
				ENABLE_NS_ASSERTIONS = NO;
				ENABLE_STRICT_OBJC_MSGSEND = YES;
				GCC_C_LANGUAGE_STANDARD = gnu99;
				GCC_NO_COMMON_BLOCKS = YES;
				GCC_WARN_64_TO_32_BIT_CONVERSION = YES;
				GCC_WARN_ABOUT_RETURN_TYPE = YES_ERROR;
				GCC_WARN_UNDECLARED_SELECTOR = YES;
				GCC_WARN_UNINITIALIZED_AUTOS = YES_AGGRESSIVE;
				GCC_WARN_UNUSED_FUNCTION = YES;
				GCC_WARN_UNUSED_VARIABLE = YES;
				IPHONEOS_DEPLOYMENT_TARGET = 8.3;
				MTL_ENABLE_DEBUG_INFO = NO;
				SDKROOT = iphoneos;
				TARGETED_DEVICE_FAMILY = "1,2";
				VALIDATE_PRODUCT = YES;
			};
			name = Release;
		};
		D6776FBB1B05849F00060685 /* Debug */ = {
			isa = XCBuildConfiguration;
			buildSettings = {
				ASSETCATALOG_COMPILER_APPICON_NAME = AppIcon;
				INFOPLIST_FILE = audioMix/Info.plist;
				LD_RUNPATH_SEARCH_PATHS = "$(inherited) @executable_path/Frameworks";
				PRODUCT_NAME = "$(TARGET_NAME)";
			};
			name = Debug;
		};
		D6776FBC1B05849F00060685 /* Release */ = {
			isa = XCBuildConfiguration;
			buildSettings = {
				ASSETCATALOG_COMPILER_APPICON_NAME = AppIcon;
				INFOPLIST_FILE = audioMix/Info.plist;
				LD_RUNPATH_SEARCH_PATHS = "$(inherited) @executable_path/Frameworks";
				PRODUCT_NAME = "$(TARGET_NAME)";
			};
			name = Release;
		};
		D6776FBE1B05849F00060685 /* Debug */ = {
			isa = XCBuildConfiguration;
			buildSettings = {
				BUNDLE_LOADER = "$(TEST_HOST)";
				FRAMEWORK_SEARCH_PATHS = (
					"$(SDKROOT)/Developer/Library/Frameworks",
					"$(inherited)",
				);
				GCC_PREPROCESSOR_DEFINITIONS = (
					"DEBUG=1",
					"$(inherited)",
				);
				INFOPLIST_FILE = audioMixTests/Info.plist;
				LD_RUNPATH_SEARCH_PATHS = "$(inherited) @executable_path/Frameworks @loader_path/Frameworks";
				PRODUCT_NAME = "$(TARGET_NAME)";
				TEST_HOST = "$(BUILT_PRODUCTS_DIR)/audioMix.app/audioMix";
			};
			name = Debug;
		};
		D6776FBF1B05849F00060685 /* Release */ = {
			isa = XCBuildConfiguration;
			buildSettings = {
				BUNDLE_LOADER = "$(TEST_HOST)";
				FRAMEWORK_SEARCH_PATHS = (
					"$(SDKROOT)/Developer/Library/Frameworks",
					"$(inherited)",
				);
				INFOPLIST_FILE = audioMixTests/Info.plist;
				LD_RUNPATH_SEARCH_PATHS = "$(inherited) @executable_path/Frameworks @loader_path/Frameworks";
				PRODUCT_NAME = "$(TARGET_NAME)";
				TEST_HOST = "$(BUILT_PRODUCTS_DIR)/audioMix.app/audioMix";
			};
			name = Release;
		};
/* End XCBuildConfiguration section */

/* Begin XCConfigurationList section */
		D6776F921B05849F00060685 /* Build configuration list for PBXProject "audioMix" */ = {
			isa = XCConfigurationList;
			buildConfigurations = (
				D6776FB81B05849F00060685 /* Debug */,
				D6776FB91B05849F00060685 /* Release */,
			);
			defaultConfigurationIsVisible = 0;
			defaultConfigurationName = Release;
		};
		D6776FBA1B05849F00060685 /* Build configuration list for PBXNativeTarget "audioMix" */ = {
			isa = XCConfigurationList;
			buildConfigurations = (
				D6776FBB1B05849F00060685 /* Debug */,
				D6776FBC1B05849F00060685 /* Release */,
			);
			defaultConfigurationIsVisible = 0;
		};
		D6776FBD1B05849F00060685 /* Build configuration list for PBXNativeTarget "audioMixTests" */ = {
			isa = XCConfigurationList;
			buildConfigurations = (
				D6776FBE1B05849F00060685 /* Debug */,
				D6776FBF1B05849F00060685 /* Release */,
			);
			defaultConfigurationIsVisible = 0;
		};
/* End XCConfigurationList section */
	};
	rootObject = D6776F8F1B05849F00060685 /* Project object */;
}
